Microsoft Visual Studio Solution File, Format Version 12.00
# Visual Studio Version 18
VisualStudioVersion = 18.3.11505.172 d18.3
MinimumVisualStudioVersion = 10.0.40219.1
Project("{FAE04EC0-301F-11D3-BF4B-00C04F79EFBC}") = "ChannelsApi", "src\ChannelsApi\ChannelsApi.csproj", "{C5DE6A74-A352-4AF3-8D5D-F6D1EF2A61C6}"
EndProject
Project("{FAE04EC0-301F-11D3-BF4B-00C04F79EFBC}") = "QueueService", "src\QueueService\QueueService.csproj", "{4F88317D-AF28-DC30-D7D0-30B7E0E08F13}"
EndProject
Project("{FAE04EC0-301F-11D3-BF4B-00C04F79EFBC}") = "ReportConsumer", "src\ReportConsumer\ReportConsumer.csproj", "{72156368-BD89-674B-F598-9CDA9AD47AA9}"
EndProject
Global
	GlobalSection(SolutionConfigurationPlatforms) = preSolution
		Debug|Any CPU = Debug|Any CPU
		Release|Any CPU = Release|Any CPU
	EndGlobalSection
	GlobalSection(ProjectConfigurationPlatforms) = postSolution
		{C5DE6A74-A352-4AF3-8D5D-F6D1EF2A61C6}.Debug|Any CPU.ActiveCfg = Debug|Any CPU
		{C5DE6A74-A352-4AF3-8D5D-F6D1EF2A61C6}.Debug|Any CPU.Build.0 = Debug|Any CPU
		{C5DE6A74-A352-4AF3-8D5D-F6D1EF2A61C6}.Release|Any CPU.ActiveCfg = Release|Any CPU
		{C5DE6A74-A352-4AF3-8D5D-F6D1EF2A61C6}.Release|Any CPU.Build.0 = Release|Any CPU
		{4F88317D-AF28-DC30-D7D0-30B7E0E08F13}.Debug|Any CPU.ActiveCfg = Debug|Any CPU
		{4F88317D-AF28-DC30-D7D0-30B7E0E08F13}.Debug|Any CPU.Build.0 = Debug|Any CPU
		{4F88317D-AF28-DC30-D7D0-30B7E0E08F13}.Release|Any CPU.ActiveCfg = Release|Any CPU
		{4F88317D-AF28-DC30-D7D0-30B7E0E08F13}.Release|Any CPU.Build.0 = Release|Any CPU
		{72156368-BD89-674B-F598-9CDA9AD47AA9}.Debug|Any CPU.ActiveCfg = Debug|Any CPU
		{72156368-BD89-674B-F598-9CDA9AD47AA9}.Debug|Any CPU.Build.0 = Debug|Any CPU
		{72156368-BD89-674B-F598-9CDA9AD47AA9}.Release|Any CPU.ActiveCfg = Release|Any CPU
		{72156368-BD89-674B-F598-9CDA9AD47AA9}.Release|Any CPU.Build.0 = Release|Any CPU
	EndGlobalSection
	GlobalSection(SolutionProperties) = preSolution
		HideSolutionNode = FALSE
	EndGlobalSection
EndGlobal
